PODS:
  - SecureDefense (0.0.5):
    - SecureDefense/Container (= 0.0.5)
    - SecureDefense/KeyValue (= 0.0.5)
    - SecureDefense/MessageCenter (= 0.0.5)
    - SecureDefense/Selector (= 0.0.5)
    - SecureDefense/UserDefault (= 0.0.5)
  - SecureDefense/Container (0.0.5)
  - SecureDefense/KeyValue (0.0.5)
  - SecureDefense/MessageCenter (0.0.5)
  - SecureDefense/Selector (0.0.5)
  - SecureDefense/UserDefault (0.0.5)

DEPENDENCIES:
  - SecureDefense (from `../`)

EXTERNAL SOURCES:
  SecureDefense:
    :path: "../"

SPEC CHECKSUMS:
  SecureDefense: 4044b71c511c3d69a6f3f13c59706a25e5e25afd

PODFILE CHECKSUM: 9652ad3a7eee691d0cc20bb31d346a37372a49e7

COCOAPODS: 1.5.3
