PODS:
  - MessageTrash (0.0.1)
  - SecureDefense (0.0.1):
    - MessageTrash (~> 0.0.1)

DEPENDENCIES:
  - SecureDefense (from `../`)

SPEC REPOS:
  https://github.com/CocoaPods/Specs.git:
    - MessageTrash

EXTERNAL SOURCES:
  SecureDefense:
    :path: "../"

SPEC CHECKSUMS:
  MessageTrash: 7925feafd22318f4049253b8ed4a457517af1875
  SecureDefense: ee3ff898a662ac9c55bfa7c212f06c92b61e866d

PODFILE CHECKSUM: 9652ad3a7eee691d0cc20bb31d346a37372a49e7

COCOAPODS: 1.5.0
